
Microsoft Visual Studio Solution File, Format Version 12.00
# Visual Studio Version 16
VisualStudioVersion = 16.0.30711.63
MinimumVisualStudioVersion = 10.0.40219.1
Project("{FAE04EC0-301F-11D3-BF4B-00C04F79EFBC}") = "SellCar", "SellCar\SellCar.csproj", "{B8A40D34-B0A5-4621-80A9-BA8655DF758D}"
EndProject
Global
	GlobalSection(SolutionConfigurationPlatforms) = preSolution
		Debug|Any CPU = Debug|Any CPU
		Release|Any CPU = Release|Any CPU
	EndGlobalSection
	GlobalSection(ProjectConfigurationPlatforms) = postSolution
		{B8A40D34-B0A5-4621-80A9-BA8655DF758D}.Debug|Any CPU.ActiveCfg = Debug|Any CPU
		{B8A40D34-B0A5-4621-80A9-BA8655DF758D}.Debug|Any CPU.Build.0 = Debug|Any CPU
		{B8A40D34-B0A5-4621-80A9-BA8655DF758D}.Release|Any CPU.ActiveCfg = Release|Any CPU
		{B8A40D34-B0A5-4621-80A9-BA8655DF758D}.Release|Any CPU.Build.0 = Release|Any CPU
	EndGlobalSection
	GlobalSection(SolutionProperties) = preSolution
		HideSolutionNode = FALSE
	EndGlobalSection
	GlobalSection(ExtensibilityGlobals) = postSolution
		SolutionGuid = {6F71724C-1275-4744-8467-A446BE0ED667}
	EndGlobalSection
EndGlobal
